
Microsoft Visual Studio Solution File, Format Version 12.00
# Visual Studio Version 16
VisualStudioVersion = 16.0.31702.278
MinimumVisualStudioVersion = 10.0.40219.1
Project("{FAE04EC0-301F-11D3-BF4B-00C04F79EFBC}") = "LoggingFacade", "LoggingFacade\LoggingFacade.csproj", "{11F80C50-1DB3-447C-86F7-715992BEB284}"
EndProject
Project("{FAE04EC0-301F-11D3-BF4B-00C04F79EFBC}") = "LoggingFacadeTests", "LoggingFacadeTests\LoggingFacadeTests.csproj", "{3926D58A-9FA4-45D2-933D-6F32DD7AD6C1}"
EndProject
Project("{FAE04EC0-301F-11D3-BF4B-00C04F79EFBC}") = "LoggingFacadeDemo", "LoggingFacadeDemo\LoggingFacadeDemo.csproj", "{D09A855B-7CEC-4CA8-961B-6596E1EC13A3}"
EndProject
Global
	GlobalSection(SolutionConfigurationPlatforms) = preSolution
		Debug|Any CPU = Debug|Any CPU
		Release|Any CPU = Release|Any CPU
	EndGlobalSection
	GlobalSection(ProjectConfigurationPlatforms) = postSolution
		{11F80C50-1DB3-447C-86F7-715992BEB284}.Debug|Any CPU.ActiveCfg = Debug|Any CPU
		{11F80C50-1DB3-447C-86F7-715992BEB284}.Debug|Any CPU.Build.0 = Debug|Any CPU
		{11F80C50-1DB3-447C-86F7-715992BEB284}.Release|Any CPU.ActiveCfg = Release|Any CPU
		{11F80C50-1DB3-447C-86F7-715992BEB284}.Release|Any CPU.Build.0 = Release|Any CPU
		{3926D58A-9FA4-45D2-933D-6F32DD7AD6C1}.Debug|Any CPU.ActiveCfg = Debug|Any CPU
		{3926D58A-9FA4-45D2-933D-6F32DD7AD6C1}.Debug|Any CPU.Build.0 = Debug|Any CPU
		{3926D58A-9FA4-45D2-933D-6F32DD7AD6C1}.Release|Any CPU.ActiveCfg = Release|Any CPU
		{3926D58A-9FA4-45D2-933D-6F32DD7AD6C1}.Release|Any CPU.Build.0 = Release|Any CPU
		{D09A855B-7CEC-4CA8-961B-6596E1EC13A3}.Debug|Any CPU.ActiveCfg = Debug|Any CPU
		{D09A855B-7CEC-4CA8-961B-6596E1EC13A3}.Debug|Any CPU.Build.0 = Debug|Any CPU
		{D09A855B-7CEC-4CA8-961B-6596E1EC13A3}.Release|Any CPU.ActiveCfg = Release|Any CPU
		{D09A855B-7CEC-4CA8-961B-6596E1EC13A3}.Release|Any CPU.Build.0 = Release|Any CPU
	EndGlobalSection
	GlobalSection(SolutionProperties) = preSolution
		HideSolutionNode = FALSE
	EndGlobalSection
	GlobalSection(ExtensibilityGlobals) = postSolution
		SolutionGuid = {9C199A9D-A728-4EAD-A170-B7A3430B9F81}
	EndGlobalSection
EndGlobal
